
Microsoft Visual Studio Solution File, Format Version 12.00
# Visual Studio Version 16
VisualStudioVersion = 16.0.30611.23
MinimumVisualStudioVersion = 10.0.40219.1
Project("{FAE04EC0-301F-11D3-BF4B-00C04F79EFBC}") = "Delegates", "Delegates\Delegates.csproj", "{F72EF1C1-E7BC-42D3-B01B-DA141F83D887}"
EndProject
Global
	GlobalSection(SolutionConfigurationPlatforms) = preSolution
		Debug|Any CPU = Debug|Any CPU
		Release|Any CPU = Release|Any CPU
	EndGlobalSection
	GlobalSection(ProjectConfigurationPlatforms) = postSolution
		{F72EF1C1-E7BC-42D3-B01B-DA141F83D887}.Debug|Any CPU.ActiveCfg = Debug|Any CPU
		{F72EF1C1-E7BC-42D3-B01B-DA141F83D887}.Debug|Any CPU.Build.0 = Debug|Any CPU
		{F72EF1C1-E7BC-42D3-B01B-DA141F83D887}.Release|Any CPU.ActiveCfg = Release|Any CPU
		{F72EF1C1-E7BC-42D3-B01B-DA141F83D887}.Release|Any CPU.Build.0 = Release|Any CPU
	EndGlobalSection
	GlobalSection(SolutionProperties) = preSolution
		HideSolutionNode = FALSE
	EndGlobalSection
	GlobalSection(ExtensibilityGlobals) = postSolution
		SolutionGuid = {D5ED14B4-CDDE-4BE0-A938-12D96029B409}
	EndGlobalSection
EndGlobal
