
Microsoft Visual Studio Solution File, Format Version 12.00
# Visual Studio Version 16
VisualStudioVersion = 16.0.30330.147
MinimumVisualStudioVersion = 10.0.40219.1
Project("{9A19103F-16F7-4668-BE54-9A1E7A4F7556}") = "MainClass", "FileIO\MainClass.csproj", "{66E62879-4F48-4865-B6CC-E94E8389530E}"
EndProject
Project("{FAE04EC0-301F-11D3-BF4B-00C04F79EFBC}") = "ReadWrite", "ReadWrite\ReadWrite.csproj", "{2F204508-0E61-45CD-AE1E-F6BDC52F9064}"
EndProject
Global
	GlobalSection(SolutionConfigurationPlatforms) = preSolution
		Debug|Any CPU = Debug|Any CPU
		Release|Any CPU = Release|Any CPU
	EndGlobalSection
	GlobalSection(ProjectConfigurationPlatforms) = postSolution
		{66E62879-4F48-4865-B6CC-E94E8389530E}.Debug|Any CPU.ActiveCfg = Debug|Any CPU
		{66E62879-4F48-4865-B6CC-E94E8389530E}.Debug|Any CPU.Build.0 = Debug|Any CPU
		{66E62879-4F48-4865-B6CC-E94E8389530E}.Release|Any CPU.ActiveCfg = Release|Any CPU
		{66E62879-4F48-4865-B6CC-E94E8389530E}.Release|Any CPU.Build.0 = Release|Any CPU
		{2F204508-0E61-45CD-AE1E-F6BDC52F9064}.Debug|Any CPU.ActiveCfg = Debug|Any CPU
		{2F204508-0E61-45CD-AE1E-F6BDC52F9064}.Debug|Any CPU.Build.0 = Debug|Any CPU
		{2F204508-0E61-45CD-AE1E-F6BDC52F9064}.Release|Any CPU.ActiveCfg = Release|Any CPU
		{2F204508-0E61-45CD-AE1E-F6BDC52F9064}.Release|Any CPU.Build.0 = Release|Any CPU
	EndGlobalSection
	GlobalSection(SolutionProperties) = preSolution
		HideSolutionNode = FALSE
	EndGlobalSection
	GlobalSection(ExtensibilityGlobals) = postSolution
		SolutionGuid = {756CD576-5737-4EE2-BE27-1D8775C055DA}
	EndGlobalSection
EndGlobal
